<?xml version="1.0" encoding="utf-8"?>
<Project ToolsVersion="4.0" xmlns="http://schemas.microsoft.com/developer/msbuild/2003">
  <ItemGroup>
    <Filter Include="Source Files">
      <UniqueIdentifier>{4FC737F1-C7A5-4376-A066-2A32D752A2FF}</UniqueIdentifier>
      <Extensions>cpp;c;cc;cxx;def;odl;idl;hpj;bat;asm;asmx</Extensions>
    </Filter>
    <Filter Include="Header Files">
      <UniqueIdentifier>{93995380-89BD-4b04-88EB-625FBE52EBFB}</UniqueIdentifier>
      <Extensions>h;hh;hpp;hxx;hm;inl;inc;xsd</Extensions>
    </Filter>
    <Filter Include="Resource Files">
      <UniqueIdentifier>{67DA6AB6-F800-4c08-8B7A-83BB121AAD01}</UniqueIdentifier>
      <Extensions>rc;ico;cur;bmp;dlg;rc2;rct;bin;rgs;gif;jpg;jpeg;jpe;resx;tiff;tif;png;wav;mfcribbon-ms</Extensions>
    </Filter>
    <Filter Include="Source Files\Core">
      <UniqueIdentifier>{a3760c18-8850-4b8f-89b6-e7fb931d85dc}</UniqueIdentifier>
    </Filter>
    <Filter Include="Header Files\Core">
      <UniqueIdentifier>{f21fb6a8-0bc7-47cd-85ba-5aae22c72855}</UniqueIdentifier>
    </Filter>
    <Filter Include="Header Files\Core\EngineState">
      <UniqueIdentifier>{9c2a66a6-dc61-4ddb-ab2b-7e2e9ad3141b}</UniqueIdentifier>
    </Filter>
    <Filter Include="Source Files\Core\EngineState">
      <UniqueIdentifier>{a7d8effa-5810-437b-8b59-cb6d3c5cce0b}</UniqueIdentifier>
    </Filter>
    <Filter Include="Header Files\Component">
      <UniqueIdentifier>{f9ce8e91-52cf-4adc-9557-664ad228c6b8}</UniqueIdentifier>
    </Filter>
    <Filter Include="Source Files\Component">
      <UniqueIdentifier>{38c6b549-7347-4aa6-a476-3b973284887a}</UniqueIdentifier>
    </Filter>
    <Filter Include="Header Files\Entity">
      <UniqueIdentifier>{395780f8-4fa4-40d0-a064-9658caab9c7b}</UniqueIdentifier>
    </Filter>
    <Filter Include="Source Files\Entity">
      <UniqueIdentifier>{25f45093-3c9a-4d18-9bfb-7cfa0043e575}</UniqueIdentifier>
    </Filter>
    <Filter Include="Header Files\World">
      <UniqueIdentifier>{25398638-7149-4555-8d07-7e16bc1736ff}</UniqueIdentifier>
    </Filter>
    <Filter Include="Source Files\World">
      <UniqueIdentifier>{e427217c-4a4b-43d1-a8f0-57b038a3726c}</UniqueIdentifier>
    </Filter>
    <Filter Include="Header Files\Input">
      <UniqueIdentifier>{b454a6e9-e7ba-436a-9aec-6ed890cae641}</UniqueIdentifier>
    </Filter>
    <Filter Include="Source Files\Input">
      <UniqueIdentifier>{737f8e24-1981-4def-93cf-4f74f2de9558}</UniqueIdentifier>
    </Filter>
    <Filter Include="Header Files\Observer">
      <UniqueIdentifier>{9b178c46-862d-4e5b-b547-77947a38ac0f}</UniqueIdentifier>
    </Filter>
    <Filter Include="Source Files\Observer">
      <UniqueIdentifier>{45c3cde9-9cc2-4a0c-b6dd-05be897f243f}</UniqueIdentifier>
    </Filter>
    <Filter Include="Header Files\Command">
      <UniqueIdentifier>{f8906cdb-ed3f-4b76-890c-ec82ef2e190c}</UniqueIdentifier>
    </Filter>
    <Filter Include="Header Files\Command\Actor">
      <UniqueIdentifier>{da41e40d-579e-4088-af72-a52a6827151e}</UniqueIdentifier>
    </Filter>
    <Filter Include="Source Files\Command">
      <UniqueIdentifier>{26669008-39ca-4b50-bed1-02a9a9ece098}</UniqueIdentifier>
    </Filter>
    <Filter Include="Header Files\UI">
      <UniqueIdentifier>{5144fd09-27b9-449e-a039-a929204fd3a4}</UniqueIdentifier>
    </Filter>
    <Filter Include="Header Files\Physics">
      <UniqueIdentifier>{4821a7f3-8d26-4701-b763-9f16c7152c08}</UniqueIdentifier>
    </Filter>
    <Filter Include="Source Files\Physics">
      <UniqueIdentifier>{6833b68c-1edc-465a-bfb0-f2d3887eba15}</UniqueIdentifier>
    </Filter>
    <Filter Include="Header Files\CC">
      <UniqueIdentifier>{155a413a-4312-474c-aa9f-5ed8e1d999bc}</UniqueIdentifier>
    </Filter>
    <Filter Include="Source Files\CC">
      <UniqueIdentifier>{8ac1274a-79d8-4214-85b9-af078da497e7}</UniqueIdentifier>
    </Filter>
    <Filter Include="Header Files\Rendering">
      <UniqueIdentifier>{51c2eb99-f7a5-423f-a0ad-6ad16e1085b1}</UniqueIdentifier>
    </Filter>
    <Filter Include="Source Files\Rendering">
      <UniqueIdentifier>{1a9eb4f5-aed3-444c-ac20-6ce6ed324288}</UniqueIdentifier>
    </Filter>
    <Filter Include="Header Files\Pool">
      <UniqueIdentifier>{e457d8f7-d8f0-410f-9c3f-d5340306599a}</UniqueIdentifier>
    </Filter>
    <Filter Include="Source Files\Pool">
      <UniqueIdentifier>{2cb6d0a9-c1e0-4529-bd60-8f6ff12b5a4f}</UniqueIdentifier>
    </Filter>
    <Filter Include="Header Files\Command\Actor\Debug">
      <UniqueIdentifier>{e35d73ed-8b96-456e-ab25-8e4211eb7d16}</UniqueIdentifier>
    </Filter>
    <Filter Include="Header Files\Rendering\Ocean">
      <UniqueIdentifier>{05ef3751-637d-4b1a-a95f-b4f0a0239b60}</UniqueIdentifier>
    </Filter>
    <Filter Include="Source Files\Rendering\Ocean">
      <UniqueIdentifier>{ee8bda5c-9e8e-4cb0-8074-43ca70b80ca4}</UniqueIdentifier>
    </Filter>
    <Filter Include="Header Files\Rendering\Sky">
      <UniqueIdentifier>{84faa262-c7a3-446a-92a9-7b67162008fd}</UniqueIdentifier>
    </Filter>
    <Filter Include="Source Files\Rendering\Sky">
      <UniqueIdentifier>{8e273ed0-e7e0-4131-90ee-309c7831ef15}</UniqueIdentifier>
    </Filter>
    <Filter Include="Header Files\Rendering\Sky\SkyX">
      <UniqueIdentifier>{76dd5e09-62fb-4424-8a8b-f7d4aea394ea}</UniqueIdentifier>
    </Filter>
    <Filter Include="Source Files\Rendering\Sky\SkyX">
      <UniqueIdentifier>{b27099a7-bc18-439c-8815-c2b614232bcc}</UniqueIdentifier>
    </Filter>
    <Filter Include="Header Files\Network">
      <UniqueIdentifier>{a998df35-8bd0-4492-ac4d-616259662f54}</UniqueIdentifier>
    </Filter>
    <Filter Include="Header Files\Network\Server">
      <UniqueIdentifier>{aceda149-8e41-469e-89ee-d04a5d691b55}</UniqueIdentifier>
    </Filter>
    <Filter Include="Source Files\Network">
      <UniqueIdentifier>{6d174570-1c2c-4cea-adf8-a64f63378493}</UniqueIdentifier>
    </Filter>
    <Filter Include="Source Files\Network\Server">
      <UniqueIdentifier>{5ad19cb9-8c56-4f2e-9dc6-b55f7aef8d8a}</UniqueIdentifier>
    </Filter>
    <Filter Include="Header Files\Config">
      <UniqueIdentifier>{721543cb-cbc5-450e-a501-2ced73078b23}</UniqueIdentifier>
    </Filter>
    <Filter Include="Source Files\Config">
      <UniqueIdentifier>{2dcbdeb3-1e06-4fe3-a8d7-cc4d95e22a64}</UniqueIdentifier>
    </Filter>
    <Filter Include="Header Files\Network\Client">
      <UniqueIdentifier>{5cf983d3-7e06-4bb2-acaf-7ad0b6f1d187}</UniqueIdentifier>
    </Filter>
    <Filter Include="Source Files\Network\Client">
      <UniqueIdentifier>{e0869ccf-d816-4233-9c59-68d54f3c99c0}</UniqueIdentifier>
    </Filter>
  </ItemGroup>
  <ItemGroup>
    <ClCompile Include="Source\Core\main.cpp">
      <Filter>Source Files\Core</Filter>
    </ClCompile>
    <ClCompile Include="Source\Core\Engine.cpp">
      <Filter>Source Files\Core</Filter>
    </ClCompile>
    <ClCompile Include="Source\Core\EngineState\EngineState.cpp">
      <Filter>Source Files\Core\EngineState</Filter>
    </ClCompile>
    <ClCompile Include="Source\Core\EngineState\IntroState.cpp">
      <Filter>Source Files\Core\EngineState</Filter>
    </ClCompile>
    <ClCompile Include="Source\Core\Assert.cpp">
      <Filter>Source Files\Core</Filter>
    </ClCompile>
    <ClCompile Include="Source\Core\Resources.cpp">
      <Filter>Source Files\Core</Filter>
    </ClCompile>
    <ClCompile Include="Source\Component\Component.cpp">
      <Filter>Source Files\Component</Filter>
    </ClCompile>
    <ClCompile Include="Source\Entity\Entity.cpp">
      <Filter>Source Files\Entity</Filter>
    </ClCompile>
    <ClCompile Include="Source\Component\SceneComponent.cpp">
      <Filter>Source Files\Component</Filter>
    </ClCompile>
    <ClCompile Include="Source\World\World.cpp">
      <Filter>Source Files\World</Filter>
    </ClCompile>
    <ClCompile Include="Source\Component\CameraComponent.cpp">
      <Filter>Source Files\Component</Filter>
    </ClCompile>
    <ClCompile Include="Source\Entity\EntityPool.cpp">
      <Filter>Source Files\Entity</Filter>
    </ClCompile>
    <ClCompile Include="Source\Component\ModelComponent.cpp">
      <Filter>Source Files\Component</Filter>
    </ClCompile>
    <ClCompile Include="Source\Input\Input.cpp">
      <Filter>Source Files\Input</Filter>
    </ClCompile>
    <ClCompile Include="Source\Observer\Subject.cpp">
      <Filter>Source Files\Observer</Filter>
    </ClCompile>
    <ClCompile Include="Source\Component\ActorComponent.cpp">
      <Filter>Source Files\Component</Filter>
    </ClCompile>
    <ClCompile Include="Source\Command\CommandRepository.cpp">
      <Filter>Source Files\Command</Filter>
    </ClCompile>
    <ClCompile Include="Source\Physics\Physics.cpp">
      <Filter>Source Files\Physics</Filter>
    </ClCompile>
    <ClCompile Include="Source\Physics\PScene.cpp">
      <Filter>Source Files\Physics</Filter>
    </ClCompile>
    <ClCompile Include="Source\Component\PhysicsComponent.cpp">
      <Filter>Source Files\Component</Filter>
    </ClCompile>
    <ClCompile Include="Source\CC\KCC.cpp">
      <Filter>Source Files\CC</Filter>
    </ClCompile>
    <ClCompile Include="Source\Rendering\DynamicRenderable.cpp">
      <Filter>Source Files\Rendering</Filter>
    </ClCompile>
    <ClCompile Include="Source\Rendering\DynamicLines.cpp">
      <Filter>Source Files\Rendering</Filter>
    </ClCompile>
    <ClCompile Include="Source\Physics\PDebugDrawer.cpp">
      <Filter>Source Files\Physics</Filter>
    </ClCompile>
    <ClCompile Include="Source\Component\LightComponent.cpp">
      <Filter>Source Files\Component</Filter>
    </ClCompile>
    <ClCompile Include="Source\Pool\Pool.cpp">
      <Filter>Source Files\Pool</Filter>
    </ClCompile>
    <ClCompile Include="Source\World\Environment.cpp">
      <Filter>Source Files\World</Filter>
    </ClCompile>
    <ClCompile Include="Source\Rendering\Ocean\OceanHighGraphics.cpp">
      <Filter>Source Files\Rendering\Ocean</Filter>
    </ClCompile>
    <ClCompile Include="Source\Rendering\Sky\SkyHighGraphics.cpp">
      <Filter>Source Files\Rendering\Sky</Filter>
    </ClCompile>
    <ClCompile Include="Source\Rendering\Sky\SkyX\AtmosphereManager.cpp">
      <Filter>Source Files\Rendering\Sky\SkyX</Filter>
    </ClCompile>
    <ClCompile Include="Source\Rendering\Sky\SkyX\BasicController.cpp">
      <Filter>Source Files\Rendering\Sky\SkyX</Filter>
    </ClCompile>
    <ClCompile Include="Source\Rendering\Sky\SkyX\CloudsManager.cpp">
      <Filter>Source Files\Rendering\Sky\SkyX</Filter>
    </ClCompile>
    <ClCompile Include="Source\Rendering\Sky\SkyX\ColorGradient.cpp">
      <Filter>Source Files\Rendering\Sky\SkyX</Filter>
    </ClCompile>
    <ClCompile Include="Source\Rendering\Sky\SkyX\GPUManager.cpp">
      <Filter>Source Files\Rendering\Sky\SkyX</Filter>
    </ClCompile>
    <ClCompile Include="Source\Rendering\Sky\SkyX\MeshManager.cpp">
      <Filter>Source Files\Rendering\Sky\SkyX</Filter>
    </ClCompile>
    <ClCompile Include="Source\Rendering\Sky\SkyX\MoonManager.cpp">
      <Filter>Source Files\Rendering\Sky\SkyX</Filter>
    </ClCompile>
    <ClCompile Include="Source\Rendering\Sky\SkyX\Prerequisites.cpp">
      <Filter>Source Files\Rendering\Sky\SkyX</Filter>
    </ClCompile>
    <ClCompile Include="Source\Rendering\Sky\SkyX\SkyX.cpp">
      <Filter>Source Files\Rendering\Sky\SkyX</Filter>
    </ClCompile>
    <ClCompile Include="Source\Rendering\Sky\SkyX\VCloudsManager.cpp">
      <Filter>Source Files\Rendering\Sky\SkyX</Filter>
    </ClCompile>
    <ClCompile Include="Source\Rendering\Sky\SkyX\VClouds\DataManager.cpp">
      <Filter>Source Files\Rendering\Sky\SkyX</Filter>
    </ClCompile>
    <ClCompile Include="Source\Rendering\Sky\SkyX\VClouds\Ellipsoid.cpp">
      <Filter>Source Files\Rendering\Sky\SkyX</Filter>
    </ClCompile>
    <ClCompile Include="Source\Rendering\Sky\SkyX\VClouds\FastFakeRandom.cpp">
      <Filter>Source Files\Rendering\Sky\SkyX</Filter>
    </ClCompile>
    <ClCompile Include="Source\Rendering\Sky\SkyX\VClouds\GeometryBlock.cpp">
      <Filter>Source Files\Rendering\Sky\SkyX</Filter>
    </ClCompile>
    <ClCompile Include="Source\Rendering\Sky\SkyX\VClouds\GeometryManager.cpp">
      <Filter>Source Files\Rendering\Sky\SkyX</Filter>
    </ClCompile>
    <ClCompile Include="Source\Rendering\Sky\SkyX\VClouds\Lightning.cpp">
      <Filter>Source Files\Rendering\Sky\SkyX</Filter>
    </ClCompile>
    <ClCompile Include="Source\Rendering\Sky\SkyX\VClouds\LightningManager.cpp">
      <Filter>Source Files\Rendering\Sky\SkyX</Filter>
    </ClCompile>
    <ClCompile Include="Source\Rendering\Sky\SkyX\VClouds\VClouds.cpp">
      <Filter>Source Files\Rendering\Sky\SkyX</Filter>
    </ClCompile>
    <ClCompile Include="Source\Rendering\Ocean\OceanLowGraphics.cpp">
      <Filter>Source Files\Rendering\Ocean</Filter>
    </ClCompile>
    <ClCompile Include="Source\Network\Server\Server.cpp">
      <Filter>Source Files\Network\Server</Filter>
    </ClCompile>
    <ClCompile Include="Source\Config\Config.cpp">
      <Filter>Source Files\Config</Filter>
    </ClCompile>
    <ClCompile Include="Source\Network\Client\Client.cpp">
      <Filter>Source Files\Network\Client</Filter>
    </ClCompile>
  </ItemGroup>
  <ItemGroup>
    <ClInclude Include="Source\Core\Engine.hpp">
      <Filter>Header Files\Core</Filter>
    </ClInclude>
    <ClInclude Include="Source\stdafx.hpp">
      <Filter>Header Files</Filter>
    </ClInclude>
    <ClInclude Include="Source\Core\EngineState\EngineState.hpp">
      <Filter>Header Files\Core\EngineState</Filter>
    </ClInclude>
    <ClInclude Include="Source\Core\EngineState\IntroState.hpp">
      <Filter>Header Files\Core\EngineState</Filter>
    </ClInclude>
    <ClInclude Include="Source\Core\Assert.hpp">
      <Filter>Header Files\Core</Filter>
    </ClInclude>
    <ClInclude Include="Source\Core\HelperFunctions.hpp">
      <Filter>Header Files\Core</Filter>
    </ClInclude>
    <ClInclude Include="Source\Core\Resources.hpp">
      <Filter>Header Files\Core</Filter>
    </ClInclude>
    <ClInclude Include="Source\Entity\Entity.hpp">
      <Filter>Header Files\Entity</Filter>
    </ClInclude>
    <ClInclude Include="Source\Component\Component.hpp">
      <Filter>Header Files\Component</Filter>
    </ClInclude>
    <ClInclude Include="Source\Component\SceneComponent.hpp">
      <Filter>Header Files\Component</Filter>
    </ClInclude>
    <ClInclude Include="Source\World\World.hpp">
      <Filter>Header Files\World</Filter>
    </ClInclude>
    <ClInclude Include="Source\Component\CameraComponent.hpp">
      <Filter>Header Files\Component</Filter>
    </ClInclude>
    <ClInclude Include="Source\Entity\EntityPool.hpp">
      <Filter>Header Files\Entity</Filter>
    </ClInclude>
    <ClInclude Include="Source\Component\ComponentMessage.hpp">
      <Filter>Header Files\Component</Filter>
    </ClInclude>
    <ClInclude Include="Source\Component\ModelComponent.hpp">
      <Filter>Header Files\Component</Filter>
    </ClInclude>
    <ClInclude Include="Source\Input\Input.hpp">
      <Filter>Header Files\Input</Filter>
    </ClInclude>
    <ClInclude Include="Source\Observer\Observer.hpp">
      <Filter>Header Files\Observer</Filter>
    </ClInclude>
    <ClInclude Include="Source\Observer\Subject.hpp">
      <Filter>Header Files\Observer</Filter>
    </ClInclude>
    <ClInclude Include="Source\Command\Command.hpp">
      <Filter>Header Files\Command</Filter>
    </ClInclude>
    <ClInclude Include="Source\Component\ActorComponent.hpp">
      <Filter>Header Files\Component</Filter>
    </ClInclude>
    <ClInclude Include="Source\Command\Actor\MoveForward.hpp">
      <Filter>Header Files\Command\Actor</Filter>
    </ClInclude>
    <ClInclude Include="Source\Command\Actor\MoveBackward.hpp">
      <Filter>Header Files\Command\Actor</Filter>
    </ClInclude>
    <ClInclude Include="Source\Command\CommandRepository.hpp">
      <Filter>Header Files\Command</Filter>
    </ClInclude>
    <ClInclude Include="Source\Command\Actor\MoveLeft.hpp">
      <Filter>Header Files\Command\Actor</Filter>
    </ClInclude>
    <ClInclude Include="Source\Command\Actor\MoveRight.hpp">
      <Filter>Header Files\Command\Actor</Filter>
    </ClInclude>
    <ClInclude Include="Source\Command\NullCommand.hpp">
      <Filter>Header Files\Command</Filter>
    </ClInclude>
    <ClInclude Include="Source\Physics\Physics.hpp">
      <Filter>Header Files\Physics</Filter>
    </ClInclude>
    <ClInclude Include="Source\Physics\PScene.hpp">
      <Filter>Header Files\Physics</Filter>
    </ClInclude>
    <ClInclude Include="Source\Component\PhysicsComponent.hpp">
      <Filter>Header Files\Component</Filter>
    </ClInclude>
    <ClInclude Include="Source\CC\KCC.hpp">
      <Filter>Header Files\CC</Filter>
    </ClInclude>
    <ClInclude Include="Source\CC\DCC.hpp">
      <Filter>Header Files\CC</Filter>
    </ClInclude>
    <ClInclude Include="Source\Rendering\DynamicLines.hpp">
      <Filter>Header Files\Rendering</Filter>
    </ClInclude>
    <ClInclude Include="Source\Rendering\DynamicRenderable.hpp">
      <Filter>Header Files\Rendering</Filter>
    </ClInclude>
    <ClInclude Include="Source\Physics\PDebugDrawer.hpp">
      <Filter>Header Files\Physics</Filter>
    </ClInclude>
    <ClInclude Include="Source\Command\Actor\Look.hpp">
      <Filter>Header Files\Command\Actor</Filter>
    </ClInclude>
    <ClInclude Include="Source\Component\LightComponent.hpp">
      <Filter>Header Files\Component</Filter>
    </ClInclude>
    <ClInclude Include="Source\Pool\Pool.hpp">
      <Filter>Header Files\Pool</Filter>
    </ClInclude>
    <ClInclude Include="Source\Command\Actor\Debug\Spectator.hpp">
      <Filter>Header Files\Command\Actor\Debug</Filter>
    </ClInclude>
    <ClInclude Include="Source\World\Environment.hpp">
      <Filter>Header Files\World</Filter>
    </ClInclude>
    <ClInclude Include="Source\Rendering\GraphicsSettings.hpp">
      <Filter>Header Files\Rendering</Filter>
    </ClInclude>
    <ClInclude Include="Source\Rendering\Ocean\OceanHighGraphics.hpp">
      <Filter>Header Files\Rendering\Ocean</Filter>
    </ClInclude>
    <ClInclude Include="Source\Rendering\Ocean\Ocean.hpp">
      <Filter>Header Files\Rendering\Ocean</Filter>
    </ClInclude>
    <ClInclude Include="Source\Rendering\Sky\SkyHighGraphics.hpp">
      <Filter>Header Files\Rendering\Sky</Filter>
    </ClInclude>
    <ClInclude Include="Source\Rendering\Sky\Sky.hpp">
      <Filter>Header Files\Rendering\Sky</Filter>
    </ClInclude>
    <ClInclude Include="Source\Rendering\Sky\SkyPresets.hpp">
      <Filter>Header Files\Rendering\Sky</Filter>
    </ClInclude>
    <ClInclude Include="Source\Rendering\Sky\SkyX\AtmosphereManager.h">
      <Filter>Header Files\Rendering\Sky\SkyX</Filter>
    </ClInclude>
    <ClInclude Include="Source\Rendering\Sky\SkyX\BasicController.h">
      <Filter>Header Files\Rendering\Sky\SkyX</Filter>
    </ClInclude>
    <ClInclude Include="Source\Rendering\Sky\SkyX\CloudsManager.h">
      <Filter>Header Files\Rendering\Sky\SkyX</Filter>
    </ClInclude>
    <ClInclude Include="Source\Rendering\Sky\SkyX\ColorGradient.h">
      <Filter>Header Files\Rendering\Sky\SkyX</Filter>
    </ClInclude>
    <ClInclude Include="Source\Rendering\Sky\SkyX\Controller.h">
      <Filter>Header Files\Rendering\Sky\SkyX</Filter>
    </ClInclude>
    <ClInclude Include="Source\Rendering\Sky\SkyX\GPUManager.h">
      <Filter>Header Files\Rendering\Sky\SkyX</Filter>
    </ClInclude>
    <ClInclude Include="Source\Rendering\Sky\SkyX\MeshManager.h">
      <Filter>Header Files\Rendering\Sky\SkyX</Filter>
    </ClInclude>
    <ClInclude Include="Source\Rendering\Sky\SkyX\MoonManager.h">
      <Filter>Header Files\Rendering\Sky\SkyX</Filter>
    </ClInclude>
    <ClInclude Include="Source\Rendering\Sky\SkyX\Prerequisites.h">
      <Filter>Header Files\Rendering\Sky\SkyX</Filter>
    </ClInclude>
    <ClInclude Include="Source\Rendering\Sky\SkyX\SkyX.h">
      <Filter>Header Files\Rendering\Sky\SkyX</Filter>
    </ClInclude>
    <ClInclude Include="Source\Rendering\Sky\SkyX\VCloudsManager.h">
      <Filter>Header Files\Rendering\Sky\SkyX</Filter>
    </ClInclude>
    <ClInclude Include="Source\Rendering\Sky\SkyX\VClouds\DataManager.h">
      <Filter>Header Files\Rendering\Sky\SkyX</Filter>
    </ClInclude>
    <ClInclude Include="Source\Rendering\Sky\SkyX\VClouds\Ellipsoid.h">
      <Filter>Header Files\Rendering\Sky\SkyX</Filter>
    </ClInclude>
    <ClInclude Include="Source\Rendering\Sky\SkyX\VClouds\FastFakeRandom.h">
      <Filter>Header Files\Rendering\Sky\SkyX</Filter>
    </ClInclude>
    <ClInclude Include="Source\Rendering\Sky\SkyX\VClouds\GeometryBlock.h">
      <Filter>Header Files\Rendering\Sky\SkyX</Filter>
    </ClInclude>
    <ClInclude Include="Source\Rendering\Sky\SkyX\VClouds\GeometryManager.h">
      <Filter>Header Files\Rendering\Sky\SkyX</Filter>
    </ClInclude>
    <ClInclude Include="Source\Rendering\Sky\SkyX\VClouds\Lightning.h">
      <Filter>Header Files\Rendering\Sky\SkyX</Filter>
    </ClInclude>
    <ClInclude Include="Source\Rendering\Sky\SkyX\VClouds\LightningManager.h">
      <Filter>Header Files\Rendering\Sky\SkyX</Filter>
    </ClInclude>
    <ClInclude Include="Source\Rendering\Sky\SkyX\VClouds\VClouds.h">
      <Filter>Header Files\Rendering\Sky\SkyX</Filter>
    </ClInclude>
    <ClInclude Include="Source\Component\ComponentDecls.hpp">
      <Filter>Header Files\Component</Filter>
    </ClInclude>
    <ClInclude Include="Source\Component\NullComponent.hpp">
      <Filter>Header Files\Component</Filter>
    </ClInclude>
    <ClInclude Include="Source\Rendering\Ocean\OceanLowGraphics.hpp">
      <Filter>Header Files\Rendering\Ocean</Filter>
    </ClInclude>
    <ClInclude Include="Source\Network\Server\Server.hpp">
      <Filter>Header Files\Network\Server</Filter>
    </ClInclude>
    <ClInclude Include="Source\Config\Config.hpp">
      <Filter>Header Files\Config</Filter>
    </ClInclude>
    <ClInclude Include="Source\Network\Client\Client.hpp">
      <Filter>Header Files\Network\Client</Filter>
    </ClInclude>
    <ClInclude Include="Source\Network\NetMessage.hpp">
      <Filter>Header Files\Network</Filter>
    </ClInclude>
  </ItemGroup>
  <ItemGroup>
    <Text Include="Source\work-log.txt">
      <Filter>Source Files</Filter>
    </Text>
  </ItemGroup>
</Project>