
Microsoft Visual Studio Solution File, Format Version 12.00
# Visual Studio 2013
VisualStudioVersion = 12.0.21005.1
MinimumVisualStudioVersion = 10.0.40219.1
Project("{8BC9CEB8-8B4A-11D0-8D11-00A0C91BC942}") = "Engine", "Engine.vcxproj", "{49CEF8CA-907E-4A2E-94CA-CD5FD1E38EDD}"
EndProject
Project("{2150E333-8FDC-42A3-9474-1A3956D46DE8}") = "Solution Items", "Solution Items", "{76281A0E-0CE8-40D8-91B1-831429867182}"
	ProjectSection(SolutionItems) = preProject
		Performance1.psess = Performance1.psess
	EndProjectSection
EndProject
Global
	GlobalSection(SolutionConfigurationPlatforms) = preSolution
		Debug|Win32 = Debug|Win32
		Release|Win32 = Release|Win32
	EndGlobalSection
	GlobalSection(ProjectConfigurationPlatforms) = postSolution
		{49CEF8CA-907E-4A2E-94CA-CD5FD1E38EDD}.Debug|Win32.ActiveCfg = Debug|Win32
		{49CEF8CA-907E-4A2E-94CA-CD5FD1E38EDD}.Debug|Win32.Build.0 = Debug|Win32
		{49CEF8CA-907E-4A2E-94CA-CD5FD1E38EDD}.Release|Win32.ActiveCfg = Release|Win32
		{49CEF8CA-907E-4A2E-94CA-CD5FD1E38EDD}.Release|Win32.Build.0 = Release|Win32
	EndGlobalSection
	GlobalSection(SolutionProperties) = preSolution
		HideSolutionNode = FALSE
	EndGlobalSection
EndGlobal
