<?xml version="1.0" encoding="utf-8"?>
<Project ToolsVersion="4.0" xmlns="http://schemas.microsoft.com/developer/msbuild/2003">
  <ItemGroup>
    <Filter Include="Source Files">
      <UniqueIdentifier>{4FC737F1-C7A5-4376-A066-2A32D752A2FF}</UniqueIdentifier>
      <Extensions>cpp;c;cc;cxx;def;odl;idl;hpj;bat;asm;asmx</Extensions>
    </Filter>
    <Filter Include="Header Files">
      <UniqueIdentifier>{93995380-89BD-4b04-88EB-625FBE52EBFB}</UniqueIdentifier>
      <Extensions>h;hh;hpp;hxx;hm;inl;inc;xsd</Extensions>
    </Filter>
    <Filter Include="Resource Files">
      <UniqueIdentifier>{67DA6AB6-F800-4c08-8B7A-83BB121AAD01}</UniqueIdentifier>
      <Extensions>rc;ico;cur;bmp;dlg;rc2;rct;bin;rgs;gif;jpg;jpeg;jpe;resx;tiff;tif;png;wav;mfcribbon-ms</Extensions>
    </Filter>
    <Filter Include="Source Files\Core">
      <UniqueIdentifier>{a3760c18-8850-4b8f-89b6-e7fb931d85dc}</UniqueIdentifier>
    </Filter>
    <Filter Include="Header Files\Core">
      <UniqueIdentifier>{f21fb6a8-0bc7-47cd-85ba-5aae22c72855}</UniqueIdentifier>
    </Filter>
    <Filter Include="Header Files\Core\EngineState">
      <UniqueIdentifier>{9c2a66a6-dc61-4ddb-ab2b-7e2e9ad3141b}</UniqueIdentifier>
    </Filter>
    <Filter Include="Source Files\Core\EngineState">
      <UniqueIdentifier>{a7d8effa-5810-437b-8b59-cb6d3c5cce0b}</UniqueIdentifier>
    </Filter>
    <Filter Include="Header Files\Component">
      <UniqueIdentifier>{f9ce8e91-52cf-4adc-9557-664ad228c6b8}</UniqueIdentifier>
    </Filter>
    <Filter Include="Source Files\Component">
      <UniqueIdentifier>{38c6b549-7347-4aa6-a476-3b973284887a}</UniqueIdentifier>
    </Filter>
    <Filter Include="Header Files\Entity">
      <UniqueIdentifier>{395780f8-4fa4-40d0-a064-9658caab9c7b}</UniqueIdentifier>
    </Filter>
    <Filter Include="Source Files\Entity">
      <UniqueIdentifier>{25f45093-3c9a-4d18-9bfb-7cfa0043e575}</UniqueIdentifier>
    </Filter>
    <Filter Include="Header Files\World">
      <UniqueIdentifier>{25398638-7149-4555-8d07-7e16bc1736ff}</UniqueIdentifier>
    </Filter>
  </ItemGroup>
  <ItemGroup>
    <ClCompile Include="Source\Core\main.cpp">
      <Filter>Source Files\Core</Filter>
    </ClCompile>
    <ClCompile Include="Source\Core\Engine.cpp">
      <Filter>Source Files\Core</Filter>
    </ClCompile>
    <ClCompile Include="Source\Core\EngineState\EngineState.cpp">
      <Filter>Source Files\Core\EngineState</Filter>
    </ClCompile>
    <ClCompile Include="Source\Core\EngineState\IntroState.cpp">
      <Filter>Source Files\Core\EngineState</Filter>
    </ClCompile>
    <ClCompile Include="Source\Core\Assert.cpp">
      <Filter>Source Files\Core</Filter>
    </ClCompile>
    <ClCompile Include="Source\Core\Resources.cpp">
      <Filter>Source Files\Core</Filter>
    </ClCompile>
    <ClCompile Include="Source\Component\System.cpp">
      <Filter>Source Files\Component</Filter>
    </ClCompile>
    <ClCompile Include="Source\Component\Component.cpp">
      <Filter>Source Files\Component</Filter>
    </ClCompile>
    <ClCompile Include="Source\Entity\Entity.cpp">
      <Filter>Source Files\Entity</Filter>
    </ClCompile>
    <ClCompile Include="Source\Component\SceneComponent.cpp">
      <Filter>Source Files\Component</Filter>
    </ClCompile>
  </ItemGroup>
  <ItemGroup>
    <ClInclude Include="Source\Core\Engine.hpp">
      <Filter>Header Files\Core</Filter>
    </ClInclude>
    <ClInclude Include="Source\stdafx.hpp">
      <Filter>Header Files</Filter>
    </ClInclude>
    <ClInclude Include="Source\Core\EngineState\EngineState.hpp">
      <Filter>Header Files\Core\EngineState</Filter>
    </ClInclude>
    <ClInclude Include="Source\Core\EngineState\IntroState.hpp">
      <Filter>Header Files\Core\EngineState</Filter>
    </ClInclude>
    <ClInclude Include="Source\Core\Assert.hpp">
      <Filter>Header Files\Core</Filter>
    </ClInclude>
    <ClInclude Include="Source\Core\HelperFunctions.hpp">
      <Filter>Header Files\Core</Filter>
    </ClInclude>
    <ClInclude Include="Source\Core\Resources.hpp">
      <Filter>Header Files\Core</Filter>
    </ClInclude>
    <ClInclude Include="Source\Component\System.hpp">
      <Filter>Header Files\Component</Filter>
    </ClInclude>
    <ClInclude Include="Source\Entity\Entity.hpp">
      <Filter>Header Files\Entity</Filter>
    </ClInclude>
    <ClInclude Include="Source\Component\Component.hpp">
      <Filter>Header Files\Component</Filter>
    </ClInclude>
    <ClInclude Include="Source\Component\SceneComponent.hpp">
      <Filter>Header Files\Component</Filter>
    </ClInclude>
    <ClInclude Include="Source\Component\ModelComponent.hpp">
      <Filter>Header Files\Component</Filter>
    </ClInclude>
    <ClInclude Include="Source\World\World.hpp">
      <Filter>Header Files\World</Filter>
    </ClInclude>
  </ItemGroup>
  <ItemGroup>
    <None Include="Source\Component\ModelComponent.cpp">
      <Filter>Source Files\Component</Filter>
    </None>
  </ItemGroup>
</Project>